
Microsoft Visual Studio Solution File, Format Version 12.00
# Visual Studio 15
VisualStudioVersion = 15.0.28307.1022
MinimumVisualStudioVersion = 10.0.40219.1
Project("{FAE04EC0-301F-11D3-BF4B-00C04F79EFBC}") = "AgendaAmbiental", "AgendaAmbiental\AgendaAmbiental.csproj", "{ACEC7D2B-5035-436C-9F85-A38892B99946}"
EndProject
Global
	GlobalSection(SolutionConfigurationPlatforms) = preSolution
		Debug|Any CPU = Debug|Any CPU
		Release|Any CPU = Release|Any CPU
	EndGlobalSection
	GlobalSection(ProjectConfigurationPlatforms) = postSolution
		{ACEC7D2B-5035-436C-9F85-A38892B99946}.Debug|Any CPU.ActiveCfg = Debug|Any CPU
		{ACEC7D2B-5035-436C-9F85-A38892B99946}.Debug|Any CPU.Build.0 = Debug|Any CPU
		{ACEC7D2B-5035-436C-9F85-A38892B99946}.Release|Any CPU.ActiveCfg = Release|Any CPU
		{ACEC7D2B-5035-436C-9F85-A38892B99946}.Release|Any CPU.Build.0 = Release|Any CPU
	EndGlobalSection
	GlobalSection(SolutionProperties) = preSolution
		HideSolutionNode = FALSE
	EndGlobalSection
	GlobalSection(ExtensibilityGlobals) = postSolution
		SolutionGuid = {DCE3DD6F-EF22-4309-85A5-F95403B392A3}
	EndGlobalSection
EndGlobal
